schema: '2.0'
stages:
  process_data:
    cmd: python3 src/player_prediction/data/data_processing.py
    deps:
    - path: configs/config.yaml
      hash: md5
      md5: 3f9594bfcb3265685c12bba6a309e82b
      size: 1205
      isexec: true
    - path: data/raw/fifa_world_cup_2026_player_performance.csv
      hash: md5
      md5: 3399b215421f7f5bd8f064aab6a73069
      size: 17201137
      isexec: true
    - path: src/player_prediction/data/data_processing.py
      hash: md5
      md5: d446daab0b986458bfc814088253e437
      size: 8287
      isexec: true
    outs:
    - path: data/processed/test.csv
      hash: md5
      md5: 27b31bd13ce7cc18739a83325abe2300
      size: 3308173
      isexec: true
    - path: data/processed/train.csv
      hash: md5
      md5: 090f42a35568afde663b208edc39103a
      size: 15432269
      isexec: true
    - path: data/processed/validation.csv
      hash: md5
      md5: 18b6516d1a6794d106f6c23926f9a8da
      size: 3308339
      isexec: true
